
Microsoft Visual Studio Solution File, Format Version 12.00
# Visual Studio 15
Project("{FAE04EC0-301F-11D3-BF4B-00C04F79EFBC}") = "Assassin's Code", "Assassin's Code.csproj", "{19599099-FE76-C14F-D808-1D6E7B71B0BD}"
EndProject
Global
	GlobalSection(SolutionConfigurationPlatforms) = preSolution
		Debug|Any CPU = Debug|Any CPU
		Release|Any CPU = Release|Any CPU
	EndGlobalSection
	GlobalSection(ProjectConfigurationPlatforms) = postSolution
		{19599099-FE76-C14F-D808-1D6E7B71B0BD}.Debug|Any CPU.ActiveCfg = Debug|Any CPU
		{19599099-FE76-C14F-D808-1D6E7B71B0BD}.Debug|Any CPU.Build.0 = Debug|Any CPU
		{19599099-FE76-C14F-D808-1D6E7B71B0BD}.Release|Any CPU.ActiveCfg = Release|Any CPU
		{19599099-FE76-C14F-D808-1D6E7B71B0BD}.Release|Any CPU.Build.0 = Release|Any CPU
	EndGlobalSection
	GlobalSection(SolutionProperties) = preSolution
		HideSolutionNode = FALSE
	EndGlobalSection
EndGlobal
